{
  "lockfileVersion": 1,
  "workspaces": {
    "": {
      "name": "cdao-api",
      "dependencies": {
        "@hapi/cookie": "^12.0.1",
        "@hapi/hapi": "^21.4.0",
        "@hapi/inert": "^7.1.0",
        "@hapi/vision": "^7.0.3",
        "hapi-swagger": "^17.3.2",
        "joi": "^17.13.3",
        "mongoose": "^8.15.1",
      },
      "devDependencies": {
        "@types/bun": "latest",
      },
      "peerDependencies": {
        "typescript": "^5",
      },
    },
  },
  "packages": {
    "@apidevtools/json-schema-ref-parser": ["@apidevtools/json-schema-ref-parser@11.9.3", "", { "dependencies": { "@jsdevtools/ono": "^7.1.3", "@types/json-schema": "^7.0.15", "js-yaml": "^4.1.0" } }, "sha512-60vepv88RwcJtSHrD6MjIL6Ta3SOYbgfnkHb+ppAVK+o9mXprRtulx7VlRl3lN3bbvysAfCS7WMVfhUYemB0IQ=="],

    "@apidevtools/openapi-schemas": ["@apidevtools/openapi-schemas@2.1.0", "", {}, "sha512-Zc1AlqrJlX3SlpupFGpiLi2EbteyP7fXmUOGup6/DnkRgjP9bgMM/ag+n91rsv0U1Gpz0H3VILA/o3bW7Ua6BQ=="],

    "@apidevtools/swagger-methods": ["@apidevtools/swagger-methods@3.0.2", "", {}, "sha512-QAkD5kK2b1WfjDS/UQn/qQkbwF31uqRjPTrsCs5ZG9BQGAkjwvqGFjjPqAuzac/IYzpPtRzjCP1WrTuAIjMrXg=="],

    "@apidevtools/swagger-parser": ["@apidevtools/swagger-parser@10.0.3", "", { "dependencies": { "@apidevtools/json-schema-ref-parser": "^9.0.6", "@apidevtools/openapi-schemas": "^2.0.4", "@apidevtools/swagger-methods": "^3.0.2", "@jsdevtools/ono": "^7.1.3", "call-me-maybe": "^1.0.1", "z-schema": "^5.0.1" }, "peerDependencies": { "openapi-types": ">=7" } }, "sha512-sNiLY51vZOmSPFZA5TF35KZ2HbgYklQnTSDnkghamzLb3EkNtcQnrBQEj5AOCxHpTtXpqMCRM1CrmV2rG6nw4g=="],

    "@hapi/accept": ["@hapi/accept@6.0.3", "", { "dependencies": { "@hapi/boom": "^10.0.1", "@hapi/hoek": "^11.0.2" } }, "sha512-p72f9k56EuF0n3MwlBNThyVE5PXX40g+aQh+C/xbKrfzahM2Oispv3AXmOIU51t3j77zay1qrX7IIziZXspMlw=="],

    "@hapi/ammo": ["@hapi/ammo@6.0.1", "", { "dependencies": { "@hapi/hoek": "^11.0.2" } }, "sha512-pmL+nPod4g58kXrMcsGLp05O2jF4P2Q3GiL8qYV7nKYEh3cGf+rV4P5Jyi2Uq0agGhVU63GtaSAfBEZOlrJn9w=="],

    "@hapi/b64": ["@hapi/b64@6.0.1", "", { "dependencies": { "@hapi/hoek": "^11.0.2" } }, "sha512-ZvjX4JQReUmBheeCq+S9YavcnMMHWqx3S0jHNXWIM1kQDxB9cyfSycpVvjfrKcIS8Mh5N3hmu/YKo4Iag9g2Kw=="],

    "@hapi/boom": ["@hapi/boom@10.0.1", "", { "dependencies": { "@hapi/hoek": "^11.0.2" } }, "sha512-ERcCZaEjdH3OgSJlyjVk8pHIFeus91CjKP3v+MpgBNp5IvGzP2l/bRiD78nqYcKPaZdbKkK5vDBVPd2ohHBlsA=="],

    "@hapi/bounce": ["@hapi/bounce@3.0.2", "", { "dependencies": { "@hapi/boom": "^10.0.1", "@hapi/hoek": "^11.0.2" } }, "sha512-d0XmlTi3H9HFDHhQLjg4F4auL1EY3Wqj7j7/hGDhFFe6xAbnm3qiGrXeT93zZnPH8gH+SKAFYiRzu26xkXcH3g=="],

    "@hapi/bourne": ["@hapi/bourne@3.0.0", "", {}, "sha512-Waj1cwPXJDucOib4a3bAISsKJVb15MKi9IvmTI/7ssVEm6sywXGjVJDhl6/umt1pK1ZS7PacXU3A1PmFKHEZ2w=="],

    "@hapi/call": ["@hapi/call@9.0.1", "", { "dependencies": { "@hapi/boom": "^10.0.1", "@hapi/hoek": "^11.0.2" } }, "sha512-uPojQRqEL1GRZR4xXPqcLMujQGaEpyVPRyBlD8Pp5rqgIwLhtveF9PkixiKru2THXvuN8mUrLeet5fqxKAAMGg=="],

    "@hapi/catbox": ["@hapi/catbox@12.1.1", "", { "dependencies": { "@hapi/boom": "^10.0.1", "@hapi/hoek": "^11.0.2", "@hapi/podium": "^5.0.0", "@hapi/validate": "^2.0.1" } }, "sha512-hDqYB1J+R0HtZg4iPH3LEnldoaBsar6bYp0EonBmNQ9t5CO+1CqgCul2ZtFveW1ReA5SQuze9GPSU7/aecERhw=="],

    "@hapi/catbox-memory": ["@hapi/catbox-memory@6.0.2", "", { "dependencies": { "@hapi/boom": "^10.0.1", "@hapi/hoek": "^11.0.2" } }, "sha512-H1l4ugoFW/ZRkqeFrIo8p1rWN0PA4MDTfu4JmcoNDvnY975o29mqoZblqFTotxNHlEkMPpIiIBJTV+Mbi+aF0g=="],

    "@hapi/content": ["@hapi/content@6.0.0", "", { "dependencies": { "@hapi/boom": "^10.0.0" } }, "sha512-CEhs7j+H0iQffKfe5Htdak5LBOz/Qc8TRh51cF+BFv0qnuph3Em4pjGVzJMkI2gfTDdlJKWJISGWS1rK34POGA=="],

    "@hapi/cookie": ["@hapi/cookie@12.0.1", "", { "dependencies": { "@hapi/boom": "^10.0.1", "@hapi/bounce": "^3.0.1", "@hapi/hoek": "^11.0.2", "@hapi/validate": "^2.0.1" } }, "sha512-TpykARUIgTBvgbsgtYe5CrM/7XBGms2/22JD3N6dzct6bG1vcOC6pH1JWIos1O5zvQnyDSJ2pnaFk+DToHkAng=="],

    "@hapi/cryptiles": ["@hapi/cryptiles@6.0.1", "", { "dependencies": { "@hapi/boom": "^10.0.1" } }, "sha512-9GM9ECEHfR8lk5ASOKG4+4ZsEzFqLfhiryIJ2ISePVB92OHLp/yne4m+zn7z9dgvM98TLpiFebjDFQ0UHcqxXQ=="],

    "@hapi/file": ["@hapi/file@3.0.0", "", {}, "sha512-w+lKW+yRrLhJu620jT3y+5g2mHqnKfepreykvdOcl9/6up8GrQQn+l3FRTsjHTKbkbfQFkuksHpdv2EcpKcJ4Q=="],

    "@hapi/hapi": ["@hapi/hapi@21.4.0", "", { "dependencies": { "@hapi/accept": "^6.0.3", "@hapi/ammo": "^6.0.1", "@hapi/boom": "^10.0.1", "@hapi/bounce": "^3.0.2", "@hapi/call": "^9.0.1", "@hapi/catbox": "^12.1.1", "@hapi/catbox-memory": "^6.0.2", "@hapi/heavy": "^8.0.1", "@hapi/hoek": "^11.0.6", "@hapi/mimos": "^7.0.1", "@hapi/podium": "^5.0.1", "@hapi/shot": "^6.0.1", "@hapi/somever": "^4.1.1", "@hapi/statehood": "^8.2.0", "@hapi/subtext": "^8.1.0", "@hapi/teamwork": "^6.0.0", "@hapi/topo": "^6.0.2", "@hapi/validate": "^2.0.1" } }, "sha512-kqiRWbYYLSSt2rYbxyNj8svPsXP715p4W/K3OXpXeiiVLNSdBX4f+zfmC+dY6eyb6rqTqTAbx6x8b5HpJTkviQ=="],

    "@hapi/heavy": ["@hapi/heavy@8.0.1", "", { "dependencies": { "@hapi/boom": "^10.0.1", "@hapi/hoek": "^11.0.2", "@hapi/validate": "^2.0.1" } }, "sha512-gBD/NANosNCOp6RsYTsjo2vhr5eYA3BEuogk6cxY0QdhllkkTaJFYtTXv46xd6qhBVMbMMqcSdtqey+UQU3//w=="],

    "@hapi/hoek": ["@hapi/hoek@11.0.7", "", {}, "sha512-HV5undWkKzcB4RZUusqOpcgxOaq6VOAH7zhhIr2g3G8NF/MlFO75SjOr2NfuSx0Mh40+1FqCkagKLJRykUWoFQ=="],

    "@hapi/inert": ["@hapi/inert@7.1.0", "", { "dependencies": { "@hapi/ammo": "^6.0.1", "@hapi/boom": "^10.0.1", "@hapi/bounce": "^3.0.1", "@hapi/hoek": "^11.0.2", "@hapi/validate": "^2.0.1", "lru-cache": "^7.14.1" } }, "sha512-5X+cl/Ozm0U9uPGGX1dSKhnhTQIf161bH/kkTN9OBVAZKFG+nrj8j/NMj6S1zBBZWmQrkVRNPfCUGrXzB4fCFQ=="],

    "@hapi/iron": ["@hapi/iron@7.0.1", "", { "dependencies": { "@hapi/b64": "^6.0.1", "@hapi/boom": "^10.0.1", "@hapi/bourne": "^3.0.0", "@hapi/cryptiles": "^6.0.1", "@hapi/hoek": "^11.0.2" } }, "sha512-tEZnrOujKpS6jLKliyWBl3A9PaE+ppuL/+gkbyPPDb/l2KSKQyH4lhMkVb+sBhwN+qaxxlig01JRqB8dk/mPxQ=="],

    "@hapi/mimos": ["@hapi/mimos@7.0.1", "", { "dependencies": { "@hapi/hoek": "^11.0.2", "mime-db": "^1.52.0" } }, "sha512-b79V+BrG0gJ9zcRx1VGcCI6r6GEzzZUgiGEJVoq5gwzuB2Ig9Cax8dUuBauQCFKvl2YWSWyOc8mZ8HDaJOtkew=="],

    "@hapi/nigel": ["@hapi/nigel@5.0.1", "", { "dependencies": { "@hapi/hoek": "^11.0.2", "@hapi/vise": "^5.0.1" } }, "sha512-uv3dtYuB4IsNaha+tigWmN8mQw/O9Qzl5U26Gm4ZcJVtDdB1AVJOwX3X5wOX+A07qzpEZnOMBAm8jjSqGsU6Nw=="],

    "@hapi/pez": ["@hapi/pez@6.1.0", "", { "dependencies": { "@hapi/b64": "^6.0.1", "@hapi/boom": "^10.0.1", "@hapi/content": "^6.0.0", "@hapi/hoek": "^11.0.2", "@hapi/nigel": "^5.0.1" } }, "sha512-+FE3sFPYuXCpuVeHQ/Qag1b45clR2o54QoonE/gKHv9gukxQ8oJJZPR7o3/ydDTK6racnCJXxOyT1T93FCJMIg=="],

    "@hapi/podium": ["@hapi/podium@5.0.2", "", { "dependencies": { "@hapi/hoek": "^11.0.2", "@hapi/teamwork": "^6.0.0", "@hapi/validate": "^2.0.1" } }, "sha512-T7gf2JYHQQfEfewTQFbsaXoZxSvuXO/QBIGljucUQ/lmPnTTNAepoIKOakWNVWvo2fMEDjycu77r8k6dhreqHA=="],

    "@hapi/shot": ["@hapi/shot@6.0.1", "", { "dependencies": { "@hapi/hoek": "^11.0.2", "@hapi/validate": "^2.0.1" } }, "sha512-s5ynMKZXYoDd3dqPw5YTvOR/vjHvMTxc388+0qL0jZZP1+uwXuUD32o9DuuuLsmTlyXCWi02BJl1pBpwRuUrNA=="],

    "@hapi/somever": ["@hapi/somever@4.1.1", "", { "dependencies": { "@hapi/bounce": "^3.0.1", "@hapi/hoek": "^11.0.2" } }, "sha512-lt3QQiDDOVRatS0ionFDNrDIv4eXz58IibQaZQDOg4DqqdNme8oa0iPWcE0+hkq/KTeBCPtEOjDOBKBKwDumVg=="],

    "@hapi/statehood": ["@hapi/statehood@8.2.0", "", { "dependencies": { "@hapi/boom": "^10.0.1", "@hapi/bounce": "^3.0.1", "@hapi/bourne": "^3.0.0", "@hapi/cryptiles": "^6.0.1", "@hapi/hoek": "^11.0.2", "@hapi/iron": "^7.0.1", "@hapi/validate": "^2.0.1" } }, "sha512-63JlCVIrsmuunWsyc3OeuFO+gH6v56swLCl7OM1w09l/exQKPUxSUDF2Slkuw8k91nIzr0A2/aPvjLOWf9ksrg=="],

    "@hapi/subtext": ["@hapi/subtext@8.1.0", "", { "dependencies": { "@hapi/boom": "^10.0.1", "@hapi/bourne": "^3.0.0", "@hapi/content": "^6.0.0", "@hapi/file": "^3.0.0", "@hapi/hoek": "^11.0.2", "@hapi/pez": "^6.1.0", "@hapi/wreck": "^18.0.1" } }, "sha512-PyaN4oSMtqPjjVxLny1k0iYg4+fwGusIhaom9B2StinBclHs7v46mIW706Y+Wo21lcgulGyXbQrmT/w4dus6ww=="],

    "@hapi/teamwork": ["@hapi/teamwork@6.0.0", "", {}, "sha512-05HumSy3LWfXpmJ9cr6HzwhAavrHkJ1ZRCmNE2qJMihdM5YcWreWPfyN0yKT2ZjCM92au3ZkuodjBxOibxM67A=="],

    "@hapi/topo": ["@hapi/topo@6.0.2", "", { "dependencies": { "@hapi/hoek": "^11.0.2" } }, "sha512-KR3rD5inZbGMrHmgPxsJ9dbi6zEK+C3ZwUwTa+eMwWLz7oijWUTWD2pMSNNYJAU6Qq+65NkxXjqHr/7LM2Xkqg=="],

    "@hapi/validate": ["@hapi/validate@2.0.1", "", { "dependencies": { "@hapi/hoek": "^11.0.2", "@hapi/topo": "^6.0.1" } }, "sha512-NZmXRnrSLK8MQ9y/CMqE9WSspgB9xA41/LlYR0k967aSZebWr4yNrpxIbov12ICwKy4APSlWXZga9jN5p6puPA=="],

    "@hapi/vise": ["@hapi/vise@5.0.1", "", { "dependencies": { "@hapi/hoek": "^11.0.2" } }, "sha512-XZYWzzRtINQLedPYlIkSkUr7m5Ddwlu99V9elh8CSygXstfv3UnWIXT0QD+wmR0VAG34d2Vx3olqcEhRRoTu9A=="],

    "@hapi/vision": ["@hapi/vision@7.0.3", "", { "dependencies": { "@hapi/boom": "^10.0.1", "@hapi/bounce": "^3.0.1", "@hapi/hoek": "^11.0.2", "@hapi/validate": "^2.0.1" } }, "sha512-1UM3Xej7HZQPaxzWkefvMfcuXoF9R8kIiDTl+Pfdv8f5mJwAv0zIB4R/UvNoQP1+JYgQT+QeUDxcGD8QdIUDyg=="],

    "@hapi/wreck": ["@hapi/wreck@18.1.0", "", { "dependencies": { "@hapi/boom": "^10.0.1", "@hapi/bourne": "^3.0.0", "@hapi/hoek": "^11.0.2" } }, "sha512-0z6ZRCmFEfV/MQqkQomJ7sl/hyxvcZM7LtuVqN3vdAO4vM9eBbowl0kaqQj9EJJQab+3Uuh1GxbGIBFy4NfJ4w=="],

    "@jsdevtools/ono": ["@jsdevtools/ono@7.1.3", "", {}, "sha512-4JQNk+3mVzK3xh2rqd6RB4J46qUR19azEHBneZyTZM+c456qOrbbM/5xcR8huNCCcbVt7+UmizG6GuUvPvKUYg=="],

    "@mongodb-js/saslprep": ["@mongodb-js/saslprep@1.2.2", "", { "dependencies": { "sparse-bitfield": "^3.0.3" } }, "sha512-EB0O3SCSNRUFk66iRCpI+cXzIjdswfCs7F6nOC3RAGJ7xr5YhaicvsRwJ9eyzYvYRlCSDUO/c7g4yNulxKC1WA=="],

    "@scarf/scarf": ["@scarf/scarf@1.4.0", "", {}, "sha512-xxeapPiUXdZAE3che6f3xogoJPeZgig6omHEy1rIY5WVsB3H2BHNnZH+gHG6x91SCWyQCzWGsuL2Hh3ClO5/qQ=="],

    "@sideway/address": ["@sideway/address@4.1.5", "", { "dependencies": { "@hapi/hoek": "^9.0.0" } }, "sha512-IqO/DUQHUkPeixNQ8n0JA6102hT9CmaljNTPmQ1u8MEhBo/R4Q8eKLN/vGZxuebwOroDB4cbpjheD4+/sKFK4Q=="],

    "@sideway/formula": ["@sideway/formula@3.0.1", "", {}, "sha512-/poHZJJVjx3L+zVD6g9KgHfYnb443oi7wLu/XKojDviHy6HOEOA6z1Trk5aR1dGcmPenJEgb2sK2I80LeS3MIg=="],

    "@sideway/pinpoint": ["@sideway/pinpoint@2.0.0", "", {}, "sha512-RNiOoTPkptFtSVzQevY/yWtZwf/RxyVnPy/OcA9HBM3MlGDnBEYL5B41H0MTn0Uec8Hi+2qUtTfG2WWZBmMejQ=="],

    "@types/bun": ["@types/bun@1.2.15", "", { "dependencies": { "bun-types": "1.2.15" } }, "sha512-U1ljPdBEphF0nw1MIk0hI7kPg7dFdPyM7EenHsp6W5loNHl7zqy6JQf/RKCgnUn2KDzUpkBwHPnEJEjII594bA=="],

    "@types/json-schema": ["@types/json-schema@7.0.15", "", {}, "sha512-5+fP8P8MFNC+AyZCDxrB2pkZFPGzqQWUzpSeuuVLvm8VMcorNYavBqoFcxK8bQz4Qsbn4oUEEem4wDLfcysGHA=="],

    "@types/node": ["@types/node@22.15.29", "", { "dependencies": { "undici-types": "~6.21.0" } }, "sha512-LNdjOkUDlU1RZb8e1kOIUpN1qQUlzGkEtbVNo53vbrwDg5om6oduhm4SiUaPW5ASTXhAiP0jInWG8Qx9fVlOeQ=="],

    "@types/webidl-conversions": ["@types/webidl-conversions@7.0.3", "", {}, "sha512-CiJJvcRtIgzadHCYXw7dqEnMNRjhGZlYK05Mj9OyktqV8uVT8fD2BFOB7S1uwBE3Kj2Z+4UyPmFw/Ixgw/LAlA=="],

    "@types/whatwg-url": ["@types/whatwg-url@11.0.5", "", { "dependencies": { "@types/webidl-conversions": "*" } }, "sha512-coYR071JRaHa+xoEvvYqvnIHaVqaYrLPbsufM9BF63HkwI5Lgmy2QR8Q5K/lYDYo5AK82wOvSOS0UsLTpTG7uQ=="],

    "argparse": ["argparse@2.0.1", "", {}, "sha512-8+9WqebbFzpX9OR+Wa6O29asIogeRMzcGtAINdpMHHyAg10f05aSFVBbcEqGf/PXw1EjAZ+q2/bEBg3DvurK3Q=="],

    "bson": ["bson@6.10.4", "", {}, "sha512-WIsKqkSC0ABoBJuT1LEX+2HEvNmNKKgnTAyd0fL8qzK4SH2i9NXg+t08YtdZp/V9IZ33cxe3iV4yM0qg8lMQng=="],

    "bun-types": ["bun-types@1.2.15", "", { "dependencies": { "@types/node": "*" } }, "sha512-NarRIaS+iOaQU1JPfyKhZm4AsUOrwUOqRNHY0XxI8GI8jYxiLXLcdjYMG9UKS+fwWasc1uw1htV9AX24dD+p4w=="],

    "call-me-maybe": ["call-me-maybe@1.0.2", "", {}, "sha512-HpX65o1Hnr9HH25ojC1YGs7HCQLq0GCOibSaWER0eNpgJ/Z1MZv2mTc7+xh6WOPxbRVcmgbv4hGU+uSQ/2xFZQ=="],

    "commander": ["commander@10.0.1", "", {}, "sha512-y4Mg2tXshplEbSGzx7amzPwKKOCGuoSRP/CjEdwwk0FOGlUbq6lKuoyDZTNZkmxHdJtp54hdfY/JUrdL7Xfdug=="],

    "debug": ["debug@4.4.1", "", { "dependencies": { "ms": "^2.1.3" } }, "sha512-KcKCqiftBJcZr++7ykoDIEwSa3XWowTfNPo92BYxjXiyYEVrUQh2aLyhxBCwww+heortUFxEJYcRzosstTEBYQ=="],

    "handlebars": ["handlebars@4.7.8", "", { "dependencies": { "minimist": "^1.2.5", "neo-async": "^2.6.2", "source-map": "^0.6.1", "wordwrap": "^1.0.0" }, "optionalDependencies": { "uglify-js": "^3.1.4" }, "bin": { "handlebars": "bin/handlebars" } }, "sha512-vafaFqs8MZkRrSX7sFVUdo3ap/eNiLnb4IakshzvP56X5Nr1iGKAIqdX6tMlm6HcNRIkr6AxO5jFEoJzzpT8aQ=="],

    "hapi-swagger": ["hapi-swagger@17.3.2", "", { "dependencies": { "@apidevtools/json-schema-ref-parser": "^11.7.0", "@hapi/boom": "^10.0.1", "@hapi/hoek": "^11.0.4", "handlebars": "^4.7.8", "http-status": "^1.7.4", "swagger-parser": "^10.0.3", "swagger-ui-dist": "^5.17.14" }, "peerDependencies": { "@hapi/hapi": ">=20.x.x", "joi": "17.x" } }, "sha512-mj1KPBl5UY4rLTLj9CrgNCps29iZ7vKNTEey3Ztm7fZ/DrMdJ7KHdxSucACyaFdPAiEpfJtHvm/5lxJVXVxa4g=="],

    "http-status": ["http-status@1.8.1", "", {}, "sha512-YQF7j8Qf/Rlby0IbRPiWfNZt6aeUv3K0Pi0x3crbMZN+7F8dPn5k4b3n897vpM1Vk8Mg2fhOYc9fktKEQWMy/Q=="],

    "joi": ["joi@17.13.3", "", { "dependencies": { "@hapi/hoek": "^9.3.0", "@hapi/topo": "^5.1.0", "@sideway/address": "^4.1.5", "@sideway/formula": "^3.0.1", "@sideway/pinpoint": "^2.0.0" } }, "sha512-otDA4ldcIx+ZXsKHWmp0YizCweVRZG96J10b0FevjfuncLO1oX59THoAmHkNubYJ+9gWsYsp5k8v4ib6oDv1fA=="],

    "js-yaml": ["js-yaml@4.1.0", "", { "dependencies": { "argparse": "^2.0.1" }, "bin": { "js-yaml": "bin/js-yaml.js" } }, "sha512-wpxZs9NoxZaJESJGIZTyDEaYpl0FKSA+FB9aJiyemKhMwkxQg63h4T1KJgUGHpTqPDNRcmmYLugrRjJlBtWvRA=="],

    "kareem": ["kareem@2.6.3", "", {}, "sha512-C3iHfuGUXK2u8/ipq9LfjFfXFxAZMQJJq7vLS45r3D9Y2xQ/m4S8zaR4zMLFWh9AsNPXmcFfUDhTEO8UIC/V6Q=="],

    "lodash.get": ["lodash.get@4.4.2", "", {}, "sha512-z+Uw/vLuy6gQe8cfaFWD7p0wVv8fJl3mbzXh33RS+0oW2wvUqiRXiQ69gLWSLpgB5/6sU+r6BlQR0MBILadqTQ=="],

    "lodash.isequal": ["lodash.isequal@4.5.0", "", {}, "sha512-pDo3lu8Jhfjqls6GkMgpahsF9kCyayhgykjyLMNFTKWrpVdAQtYyB4muAMWozBB4ig/dtWAmsMxLEI8wuz+DYQ=="],

    "lru-cache": ["lru-cache@7.18.3", "", {}, "sha512-jumlc0BIUrS3qJGgIkWZsyfAM7NCWiBcCDhnd+3NNM5KbBmLTgHVfWBcg6W+rLUsIpzpERPsvwUP7CckAQSOoA=="],

    "memory-pager": ["memory-pager@1.5.0", "", {}, "sha512-ZS4Bp4r/Zoeq6+NLJpP+0Zzm0pR8whtGPf1XExKLJBAczGMnSi3It14OiNCStjQjM6NU1okjQGSxgEZN8eBYKg=="],

    "mime-db": ["mime-db@1.54.0", "", {}, "sha512-aU5EJuIN2WDemCcAp2vFBfp/m4EAhWJnUNSSw0ixs7/kXbd6Pg64EmwJkNdFhB8aWt1sH2CTXrLxo/iAGV3oPQ=="],

    "minimist": ["minimist@1.2.8", "", {}, "sha512-2yyAR8qBkN3YuheJanUpWC5U3bb5osDywNB8RzDVlDwDHbocAJveqqj1u8+SVD7jkWT4yvsHCpWqqWqAxb0zCA=="],

    "mongodb": ["mongodb@6.16.0", "", { "dependencies": { "@mongodb-js/saslprep": "^1.1.9", "bson": "^6.10.3", "mongodb-connection-string-url": "^3.0.0" }, "peerDependencies": { "@aws-sdk/credential-providers": "^3.188.0", "@mongodb-js/zstd": "^1.1.0 || ^2.0.0", "gcp-metadata": "^5.2.0", "kerberos": "^2.0.1", "mongodb-client-encryption": ">=6.0.0 <7", "snappy": "^7.2.2", "socks": "^2.7.1" }, "optionalPeers": ["@aws-sdk/credential-providers", "@mongodb-js/zstd", "gcp-metadata", "kerberos", "mongodb-client-encryption", "snappy", "socks"] }, "sha512-D1PNcdT0y4Grhou5Zi/qgipZOYeWrhLEpk33n3nm6LGtz61jvO88WlrWCK/bigMjpnOdAUKKQwsGIl0NtWMyYw=="],

    "mongodb-connection-string-url": ["mongodb-connection-string-url@3.0.2", "", { "dependencies": { "@types/whatwg-url": "^11.0.2", "whatwg-url": "^14.1.0 || ^13.0.0" } }, "sha512-rMO7CGo/9BFwyZABcKAWL8UJwH/Kc2x0g72uhDWzG48URRax5TCIcJ7Rc3RZqffZzO/Gwff/jyKwCU9TN8gehA=="],

    "mongoose": ["mongoose@8.15.1", "", { "dependencies": { "bson": "^6.10.3", "kareem": "2.6.3", "mongodb": "~6.16.0", "mpath": "0.9.0", "mquery": "5.0.0", "ms": "2.1.3", "sift": "17.1.3" } }, "sha512-RhQ4DzmBi5BNGcS0w4u1vdMRIKcteXTCNzDt1j7XRcdWYBz1MjMjulBhPaeC5jBCHOD1yinuOFTTSOWLLGexWw=="],

    "mpath": ["mpath@0.9.0", "", {}, "sha512-ikJRQTk8hw5DEoFVxHG1Gn9T/xcjtdnOKIU1JTmGjZZlg9LST2mBLmcX3/ICIbgJydT2GOc15RnNy5mHmzfSew=="],

    "mquery": ["mquery@5.0.0", "", { "dependencies": { "debug": "4.x" } }, "sha512-iQMncpmEK8R8ncT8HJGsGc9Dsp8xcgYMVSbs5jgnm1lFHTZqMJTUWTDx1LBO8+mK3tPNZWFLBghQEIOULSTHZg=="],

    "ms": ["ms@2.1.3", "", {}, "sha512-6FlzubTLZG3J2a/NVCAleEhjzq5oxgHyaCU9yYXvcLsvoVaHJq/s5xXI6/XXP6tz7R9xAOtHnSO/tXtF3WRTlA=="],

    "neo-async": ["neo-async@2.6.2", "", {}, "sha512-Yd3UES5mWCSqR+qNT93S3UoYUkqAZ9lLg8a7g9rimsWmYGK8cVToA4/sF3RrshdyV3sAGMXVUmpMYOw+dLpOuw=="],

    "openapi-types": ["openapi-types@12.1.3", "", {}, "sha512-N4YtSYJqghVu4iek2ZUvcN/0aqH1kRDuNqzcycDxhOUpg7GdvLa2F3DgS6yBNhInhv2r/6I0Flkn7CqL8+nIcw=="],

    "punycode": ["punycode@2.3.1", "", {}, "sha512-vYt7UD1U9Wg6138shLtLOvdAu+8DsC/ilFtEVHcH+wydcSpNE20AfSOduf6MkRFahL5FY7X1oU7nKVZFtfq8Fg=="],

    "sift": ["sift@17.1.3", "", {}, "sha512-Rtlj66/b0ICeFzYTuNvX/EF1igRbbnGSvEyT79McoZa/DeGhMyC5pWKOEsZKnpkqtSeovd5FL/bjHWC3CIIvCQ=="],

    "source-map": ["source-map@0.6.1", "", {}, "sha512-UjgapumWlbMhkBgzT7Ykc5YXUT46F0iKu8SGXq0bcwP5dz/h0Plj6enJqjz1Zbq2l5WaqYnrVbwWOWMyF3F47g=="],

    "sparse-bitfield": ["sparse-bitfield@3.0.3", "", { "dependencies": { "memory-pager": "^1.0.2" } }, "sha512-kvzhi7vqKTfkh0PZU+2D2PIllw2ymqJKujUcyPMd9Y75Nv4nPbGJZXNhxsgdQab2BmlDct1YnfQCguEvHr7VsQ=="],

    "swagger-parser": ["swagger-parser@10.0.3", "", { "dependencies": { "@apidevtools/swagger-parser": "10.0.3" } }, "sha512-nF7oMeL4KypldrQhac8RyHerJeGPD1p2xDh900GPvc+Nk7nWP6jX2FcC7WmkinMoAmoO774+AFXcWsW8gMWEIg=="],

    "swagger-ui-dist": ["swagger-ui-dist@5.24.0", "", { "dependencies": { "@scarf/scarf": "=1.4.0" } }, "sha512-okwN8vf14TOgBTUyGgCXEAoHnrwwp/042dC00B3kPu2OAe9zD75BtSbLlgAK1Y5e3csJhs+AdnIxJYZN9uvptg=="],

    "tr46": ["tr46@5.1.1", "", { "dependencies": { "punycode": "^2.3.1" } }, "sha512-hdF5ZgjTqgAntKkklYw0R03MG2x/bSzTtkxmIRw/sTNV8YXsCJ1tfLAX23lhxhHJlEf3CRCOCGGWw3vI3GaSPw=="],

    "typescript": ["typescript@5.8.3", "", { "bin": { "tsc": "bin/tsc", "tsserver": "bin/tsserver" } }, "sha512-p1diW6TqL9L07nNxvRMM7hMMw4c5XOo/1ibL4aAIGmSAt9slTE1Xgw5KWuof2uTOvCg9BY7ZRi+GaF+7sfgPeQ=="],

    "uglify-js": ["uglify-js@3.19.3", "", { "bin": { "uglifyjs": "bin/uglifyjs" } }, "sha512-v3Xu+yuwBXisp6QYTcH4UbH+xYJXqnq2m/LtQVWKWzYc1iehYnLixoQDN9FH6/j9/oybfd6W9Ghwkl8+UMKTKQ=="],

    "undici-types": ["undici-types@6.21.0", "", {}, "sha512-iwDZqg0QAGrg9Rav5H4n0M64c3mkR59cJ6wQp+7C4nI0gsmExaedaYLNO44eT4AtBBwjbTiGPMlt2Md0T9H9JQ=="],

    "validator": ["validator@13.15.15", "", {}, "sha512-BgWVbCI72aIQy937xbawcs+hrVaN/CZ2UwutgaJ36hGqRrLNM+f5LUT/YPRbo8IV/ASeFzXszezV+y2+rq3l8A=="],

    "webidl-conversions": ["webidl-conversions@7.0.0", "", {}, "sha512-VwddBukDzu71offAQR975unBIGqfKZpM+8ZX6ySk8nYhVoo5CYaZyzt3YBvYtRtO+aoGlqxPg/B87NGVZ/fu6g=="],

    "whatwg-url": ["whatwg-url@14.2.0", "", { "dependencies": { "tr46": "^5.1.0", "webidl-conversions": "^7.0.0" } }, "sha512-De72GdQZzNTUBBChsXueQUnPKDkg/5A5zp7pFDuQAj5UFoENpiACU0wlCvzpAGnTkj++ihpKwKyYewn/XNUbKw=="],

    "wordwrap": ["wordwrap@1.0.0", "", {}, "sha512-gvVzJFlPycKc5dZN4yPkP8w7Dc37BtP1yczEneOb4uq34pXZcvrtRTmWV8W+Ume+XCxKgbjM+nevkyFPMybd4Q=="],

    "z-schema": ["z-schema@5.0.6", "", { "dependencies": { "lodash.get": "^4.4.2", "lodash.isequal": "^4.5.0", "validator": "^13.7.0" }, "optionalDependencies": { "commander": "^10.0.0" }, "bin": { "z-schema": "bin/z-schema" } }, "sha512-+XR1GhnWklYdfr8YaZv/iu+vY+ux7V5DS5zH1DQf6bO5ufrt/5cgNhVO5qyhsjFXvsqQb/f08DWE9b6uPscyAg=="],

    "@apidevtools/swagger-parser/@apidevtools/json-schema-ref-parser": ["@apidevtools/json-schema-ref-parser@9.1.2", "", { "dependencies": { "@jsdevtools/ono": "^7.1.3", "@types/json-schema": "^7.0.6", "call-me-maybe": "^1.0.1", "js-yaml": "^4.1.0" } }, "sha512-r1w81DpR+KyRWd3f+rk6TNqMgedmAxZP5v5KWlXQWlgMUUtyEJch0DKEci1SorPMiSeM8XPl7MZ3miJ60JIpQg=="],

    "@sideway/address/@hapi/hoek": ["@hapi/hoek@9.3.0", "", {}, "sha512-/c6rf4UJlmHlC9b5BaNvzAcFv7HZ2QHaV0D4/HNlBdvFnvQq8RI4kYdhyPCl7Xj+oWvTWQ8ujhqS53LIgAe6KQ=="],

    "joi/@hapi/hoek": ["@hapi/hoek@9.3.0", "", {}, "sha512-/c6rf4UJlmHlC9b5BaNvzAcFv7HZ2QHaV0D4/HNlBdvFnvQq8RI4kYdhyPCl7Xj+oWvTWQ8ujhqS53LIgAe6KQ=="],

    "joi/@hapi/topo": ["@hapi/topo@5.1.0", "", { "dependencies": { "@hapi/hoek": "^9.0.0" } }, "sha512-foQZKJig7Ob0BMAYBfcJk8d77QtOe7Wo4ox7ff1lQYoNNAb6jwcY1ncdoy2e9wQZzvNy7ODZCYJkK8kzmcAnAg=="],
  }
}
